
Microsoft Visual Studio Solution File, Format Version 12.00
# Visual Studio 15
VisualStudioVersion = 15.0.28010.2016
MinimumVisualStudioVersion = 10.0.40219.1
Project("{FAE04EC0-301F-11D3-BF4B-00C04F79EFBC}") = "ContestantApp", "ContestantApp\ContestantApp.csproj", "{F6D421A2-72BF-4CBD-9F26-F2C2A0EBC9E5}"
EndProject
Global
	GlobalSection(SolutionConfigurationPlatforms) = preSolution
		Debug|Any CPU = Debug|Any CPU
		Release|Any CPU = Release|Any CPU
	EndGlobalSection
	GlobalSection(ProjectConfigurationPlatforms) = postSolution
		{F6D421A2-72BF-4CBD-9F26-F2C2A0EBC9E5}.Debug|Any CPU.ActiveCfg = Debug|Any CPU
		{F6D421A2-72BF-4CBD-9F26-F2C2A0EBC9E5}.Debug|Any CPU.Build.0 = Debug|Any CPU
		{F6D421A2-72BF-4CBD-9F26-F2C2A0EBC9E5}.Release|Any CPU.ActiveCfg = Release|Any CPU
		{F6D421A2-72BF-4CBD-9F26-F2C2A0EBC9E5}.Release|Any CPU.Build.0 = Release|Any CPU
	EndGlobalSection
	GlobalSection(SolutionProperties) = preSolution
		HideSolutionNode = FALSE
	EndGlobalSection
	GlobalSection(ExtensibilityGlobals) = postSolution
		SolutionGuid = {A4E5BBD3-2C9F-40B8-A4C0-16D62DDFC033}
	EndGlobalSection
EndGlobal
